
Microsoft Visual Studio Solution File, Format Version 12.00
# Visual Studio 14
VisualStudioVersion = 14.0.25123.0
MinimumVisualStudioVersion = 10.0.40219.1
Project("{FAE04EC0-301F-11D3-BF4B-00C04F79EFBC}") = "RevitMacros", "RevitMacros.csproj", "{1C1A8489-30E9-4F95-BD51-A79AD0B3D450}"
EndProject
Project("{FAE04EC0-301F-11D3-BF4B-00C04F79EFBC}") = "sheetMaker viewMaker macro - v3_2016", "examples\sheetMaker viewMaker macro - v3_2016\sheetMaker viewMaker macro - v3_2016.csproj", "{BEEF66C3-7D3C-45FB-848D-C9BEB8E02C47}"
EndProject
Global
	GlobalSection(SolutionConfigurationPlatforms) = preSolution
		Debug|Any CPU = Debug|Any CPU
		Release|Any CPU = Release|Any CPU
	EndGlobalSection
	GlobalSection(ProjectConfigurationPlatforms) = postSolution
		{1C1A8489-30E9-4F95-BD51-A79AD0B3D450}.Debug|Any CPU.ActiveCfg = Debug|Any CPU
		{1C1A8489-30E9-4F95-BD51-A79AD0B3D450}.Debug|Any CPU.Build.0 = Debug|Any CPU
		{1C1A8489-30E9-4F95-BD51-A79AD0B3D450}.Release|Any CPU.ActiveCfg = Release|Any CPU
		{1C1A8489-30E9-4F95-BD51-A79AD0B3D450}.Release|Any CPU.Build.0 = Release|Any CPU
		{BEEF66C3-7D3C-45FB-848D-C9BEB8E02C47}.Debug|Any CPU.ActiveCfg = Debug|Any CPU
		{BEEF66C3-7D3C-45FB-848D-C9BEB8E02C47}.Debug|Any CPU.Build.0 = Debug|Any CPU
		{BEEF66C3-7D3C-45FB-848D-C9BEB8E02C47}.Release|Any CPU.ActiveCfg = Debug|Any CPU
		{BEEF66C3-7D3C-45FB-848D-C9BEB8E02C47}.Release|Any CPU.Build.0 = Debug|Any CPU
	EndGlobalSection
	GlobalSection(SolutionProperties) = preSolution
		HideSolutionNode = FALSE
	EndGlobalSection
EndGlobal
